
Microsoft Visual Studio Solution File, Format Version 12.00
# Visual Studio Version 17
VisualStudioVersion = 17.0.31903.59
MinimumVisualStudioVersion = 10.0.40219.1
Project("{2150E333-8FDC-42A3-9474-1A3956D46DE8}") = "src", "src", "{827E0CD3-B72D-47B6-A68D-7590B98EB39B}"
EndProject
Project("{FAE04EC0-301F-11D3-BF4B-00C04F79EFBC}") = "TaskMaster.Domain", "src\TaskMaster.Domain\TaskMaster.Domain.csproj", "{2277AC42-6686-42AA-A101-B901586BFA84}"
EndProject
Project("{2150E333-8FDC-42A3-9474-1A3956D46DE8}") = "tests", "tests", "{0AB3BF05-4346-4AA6-1389-037BE0695223}"
EndProject
Project("{FAE04EC0-301F-11D3-BF4B-00C04F79EFBC}") = "TaskMaster.ArchitectureTests", "tests\TaskMaster.ArchitectureTests\TaskMaster.ArchitectureTests.csproj", "{C06ACB9D-0B63-471F-A508-077821298F69}"
EndProject
Project("{FAE04EC0-301F-11D3-BF4B-00C04F79EFBC}") = "TaskMaster.Api", "src\TaskMaster.Api\TaskMaster.Api.csproj", "{5BC7650B-9B2A-4941-87A0-06BC9485155D}"
EndProject
Project("{FAE04EC0-301F-11D3-BF4B-00C04F79EFBC}") = "TaskMaster.Api.Tests", "tests\TaskMaster.Api.Tests\TaskMaster.Api.Tests.csproj", "{5AC7EAB0-ABBE-4EF6-AA3C-FAB9B22E950E}"
EndProject
Project("{FAE04EC0-301F-11D3-BF4B-00C04F79EFBC}") = "TaskMaster.Application", "src\TaskMaster.Application\TaskMaster.Application.csproj", "{D7F6F8A1-650C-4EA3-963E-EA14B893E82E}"
EndProject
Project("{FAE04EC0-301F-11D3-BF4B-00C04F79EFBC}") = "TaskMaster.Infrastructure", "src\TaskMaster.Infrastructure\TaskMaster.Infrastructure.csproj", "{5FB7CF68-9253-485D-BC98-D5162C2D0B83}"
EndProject
Project("{FAE04EC0-301F-11D3-BF4B-00C04F79EFBC}") = "TaskMaster.Application.Tests", "tests\TaskMaster.Application.Tests\TaskMaster.Application.Tests.csproj", "{F3B2A218-121F-4C85-BA39-D69C7F08D70D}"
EndProject
Project("{FAE04EC0-301F-11D3-BF4B-00C04F79EFBC}") = "TaskMaster.Infrastructure.Tests", "tests\TaskMaster.Infrastructure.Tests\TaskMaster.Infrastructure.Tests.csproj", "{BE039129-E7A0-4D92-9F55-9D196D6535CE}"
EndProject
Project("{FAE04EC0-301F-11D3-BF4B-00C04F79EFBC}") = "TaskMaster.PlaceholderGolden.Tests", "tests\TaskMaster.PlaceholderGolden.Tests\TaskMaster.PlaceholderGolden.Tests.csproj", "{CD2F7AFE-DBF2-46EE-ABE0-2D789251901A}"
EndProject
Project("{FAE04EC0-301F-11D3-BF4B-00C04F79EFBC}") = "TaskMaster.Classifier", "src\TaskMaster.Classifier\TaskMaster.Classifier.csproj", "{B68615BA-EE14-4671-BB6B-27562C2ECE90}"
EndProject
Project("{FAE04EC0-301F-11D3-BF4B-00C04F79EFBC}") = "TaskMaster.Classifier.Tests", "tests\TaskMaster.Classifier.Tests\TaskMaster.Classifier.Tests.csproj", "{DB07977A-D5C0-446E-B4EB-169C48F3B95C}"
EndProject
Project("{2150E333-8FDC-42A3-9474-1A3956D46DE8}") = "tools", "tools", "{07C2787E-EAC7-C090-1BA3-A61EC2A24D84}"
EndProject
Project("{FAE04EC0-301F-11D3-BF4B-00C04F79EFBC}") = "schema-diff", "tools\schema-diff\schema-diff.csproj", "{37330438-873A-4603-9514-F47482EC8824}"
EndProject
Project("{FAE04EC0-301F-11D3-BF4B-00C04F79EFBC}") = "TaskMaster.Schema.Tests", "tests\TaskMaster.Schema.Tests\TaskMaster.Schema.Tests.csproj", "{EBE9088D-B997-499B-B03D-E1BC3A5D37E7}"
EndProject
Project("{FAE04EC0-301F-11D3-BF4B-00C04F79EFBC}") = "TaskMaster.Benchmarks", "tests\TaskMaster.Benchmarks\TaskMaster.Benchmarks.csproj", "{7B00717A-95C1-453A-9E2D-D892118314A6}"
EndProject
Project("{FAE04EC0-301F-11D3-BF4B-00C04F79EFBC}") = "TaskMaster.Worker.Tests", "tests\TaskMaster.Worker.Tests\TaskMaster.Worker.Tests.csproj", "{4C97CC86-37CB-4868-BDBA-784890EAF31C}"
EndProject
Global
	GlobalSection(SolutionConfigurationPlatforms) = preSolution
		Debug|Any CPU = Debug|Any CPU
		Debug|x64 = Debug|x64
		Debug|x86 = Debug|x86
		Release|Any CPU = Release|Any CPU
		Release|x64 = Release|x64
		Release|x86 = Release|x86
	EndGlobalSection
	GlobalSection(ProjectConfigurationPlatforms) = postSolution
		{2277AC42-6686-42AA-A101-B901586BFA84}.Debug|Any CPU.ActiveCfg = Debug|Any CPU
		{2277AC42-6686-42AA-A101-B901586BFA84}.Debug|Any CPU.Build.0 = Debug|Any CPU
		{2277AC42-6686-42AA-A101-B901586BFA84}.Debug|x64.ActiveCfg = Debug|Any CPU
		{2277AC42-6686-42AA-A101-B901586BFA84}.Debug|x64.Build.0 = Debug|Any CPU
		{2277AC42-6686-42AA-A101-B901586BFA84}.Debug|x86.ActiveCfg = Debug|Any CPU
		{2277AC42-6686-42AA-A101-B901586BFA84}.Debug|x86.Build.0 = Debug|Any CPU
		{2277AC42-6686-42AA-A101-B901586BFA84}.Release|Any CPU.ActiveCfg = Release|Any CPU
		{2277AC42-6686-42AA-A101-B901586BFA84}.Release|Any CPU.Build.0 = Release|Any CPU
		{2277AC42-6686-42AA-A101-B901586BFA84}.Release|x64.ActiveCfg = Release|Any CPU
		{2277AC42-6686-42AA-A101-B901586BFA84}.Release|x64.Build.0 = Release|Any CPU
		{2277AC42-6686-42AA-A101-B901586BFA84}.Release|x86.ActiveCfg = Release|Any CPU
		{2277AC42-6686-42AA-A101-B901586BFA84}.Release|x86.Build.0 = Release|Any CPU
		{C06ACB9D-0B63-471F-A508-077821298F69}.Debug|Any CPU.ActiveCfg = Debug|Any CPU
		{C06ACB9D-0B63-471F-A508-077821298F69}.Debug|Any CPU.Build.0 = Debug|Any CPU
		{C06ACB9D-0B63-471F-A508-077821298F69}.Debug|x64.ActiveCfg = Debug|Any CPU
		{C06ACB9D-0B63-471F-A508-077821298F69}.Debug|x64.Build.0 = Debug|Any CPU
		{C06ACB9D-0B63-471F-A508-077821298F69}.Debug|x86.ActiveCfg = Debug|Any CPU
		{C06ACB9D-0B63-471F-A508-077821298F69}.Debug|x86.Build.0 = Debug|Any CPU
		{C06ACB9D-0B63-471F-A508-077821298F69}.Release|Any CPU.ActiveCfg = Release|Any CPU
		{C06ACB9D-0B63-471F-A508-077821298F69}.Release|Any CPU.Build.0 = Release|Any CPU
		{C06ACB9D-0B63-471F-A508-077821298F69}.Release|x64.ActiveCfg = Release|Any CPU
		{C06ACB9D-0B63-471F-A508-077821298F69}.Release|x64.Build.0 = Release|Any CPU
		{C06ACB9D-0B63-471F-A508-077821298F69}.Release|x86.ActiveCfg = Release|Any CPU
		{C06ACB9D-0B63-471F-A508-077821298F69}.Release|x86.Build.0 = Release|Any CPU
		{5BC7650B-9B2A-4941-87A0-06BC9485155D}.Debug|Any CPU.ActiveCfg = Debug|Any CPU
		{5BC7650B-9B2A-4941-87A0-06BC9485155D}.Debug|Any CPU.Build.0 = Debug|Any CPU
		{5BC7650B-9B2A-4941-87A0-06BC9485155D}.Debug|x64.ActiveCfg = Debug|Any CPU
		{5BC7650B-9B2A-4941-87A0-06BC9485155D}.Debug|x64.Build.0 = Debug|Any CPU
		{5BC7650B-9B2A-4941-87A0-06BC9485155D}.Debug|x86.ActiveCfg = Debug|Any CPU
		{5BC7650B-9B2A-4941-87A0-06BC9485155D}.Debug|x86.Build.0 = Debug|Any CPU
		{5BC7650B-9B2A-4941-87A0-06BC9485155D}.Release|Any CPU.ActiveCfg = Release|Any CPU
		{5BC7650B-9B2A-4941-87A0-06BC9485155D}.Release|Any CPU.Build.0 = Release|Any CPU
		{5BC7650B-9B2A-4941-87A0-06BC9485155D}.Release|x64.ActiveCfg = Release|Any CPU
		{5BC7650B-9B2A-4941-87A0-06BC9485155D}.Release|x64.Build.0 = Release|Any CPU
		{5BC7650B-9B2A-4941-87A0-06BC9485155D}.Release|x86.ActiveCfg = Release|Any CPU
		{5BC7650B-9B2A-4941-87A0-06BC9485155D}.Release|x86.Build.0 = Release|Any CPU
		{5AC7EAB0-ABBE-4EF6-AA3C-FAB9B22E950E}.Debug|Any CPU.ActiveCfg = Debug|Any CPU
		{5AC7EAB0-ABBE-4EF6-AA3C-FAB9B22E950E}.Debug|Any CPU.Build.0 = Debug|Any CPU
		{5AC7EAB0-ABBE-4EF6-AA3C-FAB9B22E950E}.Debug|x64.ActiveCfg = Debug|Any CPU
		{5AC7EAB0-ABBE-4EF6-AA3C-FAB9B22E950E}.Debug|x64.Build.0 = Debug|Any CPU
		{5AC7EAB0-ABBE-4EF6-AA3C-FAB9B22E950E}.Debug|x86.ActiveCfg = Debug|Any CPU
		{5AC7EAB0-ABBE-4EF6-AA3C-FAB9B22E950E}.Debug|x86.Build.0 = Debug|Any CPU
		{5AC7EAB0-ABBE-4EF6-AA3C-FAB9B22E950E}.Release|Any CPU.ActiveCfg = Release|Any CPU
		{5AC7EAB0-ABBE-4EF6-AA3C-FAB9B22E950E}.Release|Any CPU.Build.0 = Release|Any CPU
		{5AC7EAB0-ABBE-4EF6-AA3C-FAB9B22E950E}.Release|x64.ActiveCfg = Release|Any CPU
		{5AC7EAB0-ABBE-4EF6-AA3C-FAB9B22E950E}.Release|x64.Build.0 = Release|Any CPU
		{5AC7EAB0-ABBE-4EF6-AA3C-FAB9B22E950E}.Release|x86.ActiveCfg = Release|Any CPU
		{5AC7EAB0-ABBE-4EF6-AA3C-FAB9B22E950E}.Release|x86.Build.0 = Release|Any CPU
		{D7F6F8A1-650C-4EA3-963E-EA14B893E82E}.Debug|Any CPU.ActiveCfg = Debug|Any CPU
		{D7F6F8A1-650C-4EA3-963E-EA14B893E82E}.Debug|Any CPU.Build.0 = Debug|Any CPU
		{D7F6F8A1-650C-4EA3-963E-EA14B893E82E}.Debug|x64.ActiveCfg = Debug|Any CPU
		{D7F6F8A1-650C-4EA3-963E-EA14B893E82E}.Debug|x64.Build.0 = Debug|Any CPU
		{D7F6F8A1-650C-4EA3-963E-EA14B893E82E}.Debug|x86.ActiveCfg = Debug|Any CPU
		{D7F6F8A1-650C-4EA3-963E-EA14B893E82E}.Debug|x86.Build.0 = Debug|Any CPU
		{D7F6F8A1-650C-4EA3-963E-EA14B893E82E}.Release|Any CPU.ActiveCfg = Release|Any CPU
		{D7F6F8A1-650C-4EA3-963E-EA14B893E82E}.Release|Any CPU.Build.0 = Release|Any CPU
		{D7F6F8A1-650C-4EA3-963E-EA14B893E82E}.Release|x64.ActiveCfg = Release|Any CPU
		{D7F6F8A1-650C-4EA3-963E-EA14B893E82E}.Release|x64.Build.0 = Release|Any CPU
		{D7F6F8A1-650C-4EA3-963E-EA14B893E82E}.Release|x86.ActiveCfg = Release|Any CPU
		{D7F6F8A1-650C-4EA3-963E-EA14B893E82E}.Release|x86.Build.0 = Release|Any CPU
		{5FB7CF68-9253-485D-BC98-D5162C2D0B83}.Debug|Any CPU.ActiveCfg = Debug|Any CPU
		{5FB7CF68-9253-485D-BC98-D5162C2D0B83}.Debug|Any CPU.Build.0 = Debug|Any CPU
		{5FB7CF68-9253-485D-BC98-D5162C2D0B83}.Debug|x64.ActiveCfg = Debug|Any CPU
		{5FB7CF68-9253-485D-BC98-D5162C2D0B83}.Debug|x64.Build.0 = Debug|Any CPU
		{5FB7CF68-9253-485D-BC98-D5162C2D0B83}.Debug|x86.ActiveCfg = Debug|Any CPU
		{5FB7CF68-9253-485D-BC98-D5162C2D0B83}.Debug|x86.Build.0 = Debug|Any CPU
		{5FB7CF68-9253-485D-BC98-D5162C2D0B83}.Release|Any CPU.ActiveCfg = Release|Any CPU
		{5FB7CF68-9253-485D-BC98-D5162C2D0B83}.Release|Any CPU.Build.0 = Release|Any CPU
		{5FB7CF68-9253-485D-BC98-D5162C2D0B83}.Release|x64.ActiveCfg = Release|Any CPU
		{5FB7CF68-9253-485D-BC98-D5162C2D0B83}.Release|x64.Build.0 = Release|Any CPU
		{5FB7CF68-9253-485D-BC98-D5162C2D0B83}.Release|x86.ActiveCfg = Release|Any CPU
		{5FB7CF68-9253-485D-BC98-D5162C2D0B83}.Release|x86.Build.0 = Release|Any CPU
		{F3B2A218-121F-4C85-BA39-D69C7F08D70D}.Debug|Any CPU.ActiveCfg = Debug|Any CPU
		{F3B2A218-121F-4C85-BA39-D69C7F08D70D}.Debug|Any CPU.Build.0 = Debug|Any CPU
		{F3B2A218-121F-4C85-BA39-D69C7F08D70D}.Debug|x64.ActiveCfg = Debug|Any CPU
		{F3B2A218-121F-4C85-BA39-D69C7F08D70D}.Debug|x64.Build.0 = Debug|Any CPU
		{F3B2A218-121F-4C85-BA39-D69C7F08D70D}.Debug|x86.ActiveCfg = Debug|Any CPU
		{F3B2A218-121F-4C85-BA39-D69C7F08D70D}.Debug|x86.Build.0 = Debug|Any CPU
		{F3B2A218-121F-4C85-BA39-D69C7F08D70D}.Release|Any CPU.ActiveCfg = Release|Any CPU
		{F3B2A218-121F-4C85-BA39-D69C7F08D70D}.Release|Any CPU.Build.0 = Release|Any CPU
		{F3B2A218-121F-4C85-BA39-D69C7F08D70D}.Release|x64.ActiveCfg = Release|Any CPU
		{F3B2A218-121F-4C85-BA39-D69C7F08D70D}.Release|x64.Build.0 = Release|Any CPU
		{F3B2A218-121F-4C85-BA39-D69C7F08D70D}.Release|x86.ActiveCfg = Release|Any CPU
		{F3B2A218-121F-4C85-BA39-D69C7F08D70D}.Release|x86.Build.0 = Release|Any CPU
		{BE039129-E7A0-4D92-9F55-9D196D6535CE}.Debug|Any CPU.ActiveCfg = Debug|Any CPU
		{BE039129-E7A0-4D92-9F55-9D196D6535CE}.Debug|Any CPU.Build.0 = Debug|Any CPU
		{BE039129-E7A0-4D92-9F55-9D196D6535CE}.Debug|x64.ActiveCfg = Debug|Any CPU
		{BE039129-E7A0-4D92-9F55-9D196D6535CE}.Debug|x64.Build.0 = Debug|Any CPU
		{BE039129-E7A0-4D92-9F55-9D196D6535CE}.Debug|x86.ActiveCfg = Debug|Any CPU
		{BE039129-E7A0-4D92-9F55-9D196D6535CE}.Debug|x86.Build.0 = Debug|Any CPU
		{BE039129-E7A0-4D92-9F55-9D196D6535CE}.Release|Any CPU.ActiveCfg = Release|Any CPU
		{BE039129-E7A0-4D92-9F55-9D196D6535CE}.Release|Any CPU.Build.0 = Release|Any CPU
		{BE039129-E7A0-4D92-9F55-9D196D6535CE}.Release|x64.ActiveCfg = Release|Any CPU
		{BE039129-E7A0-4D92-9F55-9D196D6535CE}.Release|x64.Build.0 = Release|Any CPU
		{BE039129-E7A0-4D92-9F55-9D196D6535CE}.Release|x86.ActiveCfg = Release|Any CPU
		{BE039129-E7A0-4D92-9F55-9D196D6535CE}.Release|x86.Build.0 = Release|Any CPU
		{CD2F7AFE-DBF2-46EE-ABE0-2D789251901A}.Debug|Any CPU.ActiveCfg = Debug|Any CPU
		{CD2F7AFE-DBF2-46EE-ABE0-2D789251901A}.Debug|Any CPU.Build.0 = Debug|Any CPU
		{CD2F7AFE-DBF2-46EE-ABE0-2D789251901A}.Debug|x64.ActiveCfg = Debug|Any CPU
		{CD2F7AFE-DBF2-46EE-ABE0-2D789251901A}.Debug|x64.Build.0 = Debug|Any CPU
		{CD2F7AFE-DBF2-46EE-ABE0-2D789251901A}.Debug|x86.ActiveCfg = Debug|Any CPU
		{CD2F7AFE-DBF2-46EE-ABE0-2D789251901A}.Debug|x86.Build.0 = Debug|Any CPU
		{CD2F7AFE-DBF2-46EE-ABE0-2D789251901A}.Release|Any CPU.ActiveCfg = Release|Any CPU
		{CD2F7AFE-DBF2-46EE-ABE0-2D789251901A}.Release|Any CPU.Build.0 = Release|Any CPU
		{CD2F7AFE-DBF2-46EE-ABE0-2D789251901A}.Release|x64.ActiveCfg = Release|Any CPU
		{CD2F7AFE-DBF2-46EE-ABE0-2D789251901A}.Release|x64.Build.0 = Release|Any CPU
		{CD2F7AFE-DBF2-46EE-ABE0-2D789251901A}.Release|x86.ActiveCfg = Release|Any CPU
		{CD2F7AFE-DBF2-46EE-ABE0-2D789251901A}.Release|x86.Build.0 = Release|Any CPU
		{B68615BA-EE14-4671-BB6B-27562C2ECE90}.Debug|Any CPU.ActiveCfg = Debug|Any CPU
		{B68615BA-EE14-4671-BB6B-27562C2ECE90}.Debug|Any CPU.Build.0 = Debug|Any CPU
		{B68615BA-EE14-4671-BB6B-27562C2ECE90}.Debug|x64.ActiveCfg = Debug|Any CPU
		{B68615BA-EE14-4671-BB6B-27562C2ECE90}.Debug|x64.Build.0 = Debug|Any CPU
		{B68615BA-EE14-4671-BB6B-27562C2ECE90}.Debug|x86.ActiveCfg = Debug|Any CPU
		{B68615BA-EE14-4671-BB6B-27562C2ECE90}.Debug|x86.Build.0 = Debug|Any CPU
		{B68615BA-EE14-4671-BB6B-27562C2ECE90}.Release|Any CPU.ActiveCfg = Release|Any CPU
		{B68615BA-EE14-4671-BB6B-27562C2ECE90}.Release|Any CPU.Build.0 = Release|Any CPU
		{B68615BA-EE14-4671-BB6B-27562C2ECE90}.Release|x64.ActiveCfg = Release|Any CPU
		{B68615BA-EE14-4671-BB6B-27562C2ECE90}.Release|x64.Build.0 = Release|Any CPU
		{B68615BA-EE14-4671-BB6B-27562C2ECE90}.Release|x86.ActiveCfg = Release|Any CPU
		{B68615BA-EE14-4671-BB6B-27562C2ECE90}.Release|x86.Build.0 = Release|Any CPU
		{DB07977A-D5C0-446E-B4EB-169C48F3B95C}.Debug|Any CPU.ActiveCfg = Debug|Any CPU
		{DB07977A-D5C0-446E-B4EB-169C48F3B95C}.Debug|Any CPU.Build.0 = Debug|Any CPU
		{DB07977A-D5C0-446E-B4EB-169C48F3B95C}.Debug|x64.ActiveCfg = Debug|Any CPU
		{DB07977A-D5C0-446E-B4EB-169C48F3B95C}.Debug|x64.Build.0 = Debug|Any CPU
		{DB07977A-D5C0-446E-B4EB-169C48F3B95C}.Debug|x86.ActiveCfg = Debug|Any CPU
		{DB07977A-D5C0-446E-B4EB-169C48F3B95C}.Debug|x86.Build.0 = Debug|Any CPU
		{DB07977A-D5C0-446E-B4EB-169C48F3B95C}.Release|Any CPU.ActiveCfg = Release|Any CPU
		{DB07977A-D5C0-446E-B4EB-169C48F3B95C}.Release|Any CPU.Build.0 = Release|Any CPU
		{DB07977A-D5C0-446E-B4EB-169C48F3B95C}.Release|x64.ActiveCfg = Release|Any CPU
		{DB07977A-D5C0-446E-B4EB-169C48F3B95C}.Release|x64.Build.0 = Release|Any CPU
		{DB07977A-D5C0-446E-B4EB-169C48F3B95C}.Release|x86.ActiveCfg = Release|Any CPU
		{DB07977A-D5C0-446E-B4EB-169C48F3B95C}.Release|x86.Build.0 = Release|Any CPU
		{37330438-873A-4603-9514-F47482EC8824}.Debug|Any CPU.ActiveCfg = Debug|Any CPU
		{37330438-873A-4603-9514-F47482EC8824}.Debug|Any CPU.Build.0 = Debug|Any CPU
		{37330438-873A-4603-9514-F47482EC8824}.Debug|x64.ActiveCfg = Debug|Any CPU
		{37330438-873A-4603-9514-F47482EC8824}.Debug|x64.Build.0 = Debug|Any CPU
		{37330438-873A-4603-9514-F47482EC8824}.Debug|x86.ActiveCfg = Debug|Any CPU
		{37330438-873A-4603-9514-F47482EC8824}.Debug|x86.Build.0 = Debug|Any CPU
		{37330438-873A-4603-9514-F47482EC8824}.Release|Any CPU.ActiveCfg = Release|Any CPU
		{37330438-873A-4603-9514-F47482EC8824}.Release|Any CPU.Build.0 = Release|Any CPU
		{37330438-873A-4603-9514-F47482EC8824}.Release|x64.ActiveCfg = Release|Any CPU
		{37330438-873A-4603-9514-F47482EC8824}.Release|x64.Build.0 = Release|Any CPU
		{37330438-873A-4603-9514-F47482EC8824}.Release|x86.ActiveCfg = Release|Any CPU
		{37330438-873A-4603-9514-F47482EC8824}.Release|x86.Build.0 = Release|Any CPU
		{EBE9088D-B997-499B-B03D-E1BC3A5D37E7}.Debug|Any CPU.ActiveCfg = Debug|Any CPU
		{EBE9088D-B997-499B-B03D-E1BC3A5D37E7}.Debug|Any CPU.Build.0 = Debug|Any CPU
		{EBE9088D-B997-499B-B03D-E1BC3A5D37E7}.Debug|x64.ActiveCfg = Debug|Any CPU
		{EBE9088D-B997-499B-B03D-E1BC3A5D37E7}.Debug|x64.Build.0 = Debug|Any CPU
		{EBE9088D-B997-499B-B03D-E1BC3A5D37E7}.Debug|x86.ActiveCfg = Debug|Any CPU
		{EBE9088D-B997-499B-B03D-E1BC3A5D37E7}.Debug|x86.Build.0 = Debug|Any CPU
		{EBE9088D-B997-499B-B03D-E1BC3A5D37E7}.Release|Any CPU.ActiveCfg = Release|Any CPU
		{EBE9088D-B997-499B-B03D-E1BC3A5D37E7}.Release|Any CPU.Build.0 = Release|Any CPU
		{EBE9088D-B997-499B-B03D-E1BC3A5D37E7}.Release|x64.ActiveCfg = Release|Any CPU
		{EBE9088D-B997-499B-B03D-E1BC3A5D37E7}.Release|x64.Build.0 = Release|Any CPU
		{EBE9088D-B997-499B-B03D-E1BC3A5D37E7}.Release|x86.ActiveCfg = Release|Any CPU
		{EBE9088D-B997-499B-B03D-E1BC3A5D37E7}.Release|x86.Build.0 = Release|Any CPU
		{7B00717A-95C1-453A-9E2D-D892118314A6}.Debug|Any CPU.ActiveCfg = Debug|Any CPU
		{7B00717A-95C1-453A-9E2D-D892118314A6}.Debug|Any CPU.Build.0 = Debug|Any CPU
		{7B00717A-95C1-453A-9E2D-D892118314A6}.Debug|x64.ActiveCfg = Debug|Any CPU
		{7B00717A-95C1-453A-9E2D-D892118314A6}.Debug|x64.Build.0 = Debug|Any CPU
		{7B00717A-95C1-453A-9E2D-D892118314A6}.Debug|x86.ActiveCfg = Debug|Any CPU
		{7B00717A-95C1-453A-9E2D-D892118314A6}.Debug|x86.Build.0 = Debug|Any CPU
		{7B00717A-95C1-453A-9E2D-D892118314A6}.Release|Any CPU.ActiveCfg = Release|Any CPU
		{7B00717A-95C1-453A-9E2D-D892118314A6}.Release|Any CPU.Build.0 = Release|Any CPU
		{7B00717A-95C1-453A-9E2D-D892118314A6}.Release|x64.ActiveCfg = Release|Any CPU
		{7B00717A-95C1-453A-9E2D-D892118314A6}.Release|x64.Build.0 = Release|Any CPU
		{7B00717A-95C1-453A-9E2D-D892118314A6}.Release|x86.ActiveCfg = Release|Any CPU
		{7B00717A-95C1-453A-9E2D-D892118314A6}.Release|x86.Build.0 = Release|Any CPU
		{4C97CC86-37CB-4868-BDBA-784890EAF31C}.Debug|Any CPU.ActiveCfg = Debug|Any CPU
		{4C97CC86-37CB-4868-BDBA-784890EAF31C}.Debug|Any CPU.Build.0 = Debug|Any CPU
		{4C97CC86-37CB-4868-BDBA-784890EAF31C}.Debug|x64.ActiveCfg = Debug|Any CPU
		{4C97CC86-37CB-4868-BDBA-784890EAF31C}.Debug|x64.Build.0 = Debug|Any CPU
		{4C97CC86-37CB-4868-BDBA-784890EAF31C}.Debug|x86.ActiveCfg = Debug|Any CPU
		{4C97CC86-37CB-4868-BDBA-784890EAF31C}.Debug|x86.Build.0 = Debug|Any CPU
		{4C97CC86-37CB-4868-BDBA-784890EAF31C}.Release|Any CPU.ActiveCfg = Release|Any CPU
		{4C97CC86-37CB-4868-BDBA-784890EAF31C}.Release|Any CPU.Build.0 = Release|Any CPU
		{4C97CC86-37CB-4868-BDBA-784890EAF31C}.Release|x64.ActiveCfg = Release|Any CPU
		{4C97CC86-37CB-4868-BDBA-784890EAF31C}.Release|x64.Build.0 = Release|Any CPU
		{4C97CC86-37CB-4868-BDBA-784890EAF31C}.Release|x86.ActiveCfg = Release|Any CPU
		{4C97CC86-37CB-4868-BDBA-784890EAF31C}.Release|x86.Build.0 = Release|Any CPU
	EndGlobalSection
	GlobalSection(SolutionProperties) = preSolution
		HideSolutionNode = FALSE
	EndGlobalSection
	GlobalSection(NestedProjects) = preSolution
		{2277AC42-6686-42AA-A101-B901586BFA84} = {827E0CD3-B72D-47B6-A68D-7590B98EB39B}
		{C06ACB9D-0B63-471F-A508-077821298F69} = {0AB3BF05-4346-4AA6-1389-037BE0695223}
		{5BC7650B-9B2A-4941-87A0-06BC9485155D} = {827E0CD3-B72D-47B6-A68D-7590B98EB39B}
		{5AC7EAB0-ABBE-4EF6-AA3C-FAB9B22E950E} = {0AB3BF05-4346-4AA6-1389-037BE0695223}
		{D7F6F8A1-650C-4EA3-963E-EA14B893E82E} = {827E0CD3-B72D-47B6-A68D-7590B98EB39B}
		{5FB7CF68-9253-485D-BC98-D5162C2D0B83} = {827E0CD3-B72D-47B6-A68D-7590B98EB39B}
		{F3B2A218-121F-4C85-BA39-D69C7F08D70D} = {0AB3BF05-4346-4AA6-1389-037BE0695223}
		{BE039129-E7A0-4D92-9F55-9D196D6535CE} = {0AB3BF05-4346-4AA6-1389-037BE0695223}
		{CD2F7AFE-DBF2-46EE-ABE0-2D789251901A} = {0AB3BF05-4346-4AA6-1389-037BE0695223}
		{B68615BA-EE14-4671-BB6B-27562C2ECE90} = {827E0CD3-B72D-47B6-A68D-7590B98EB39B}
		{DB07977A-D5C0-446E-B4EB-169C48F3B95C} = {0AB3BF05-4346-4AA6-1389-037BE0695223}
		{37330438-873A-4603-9514-F47482EC8824} = {07C2787E-EAC7-C090-1BA3-A61EC2A24D84}
		{EBE9088D-B997-499B-B03D-E1BC3A5D37E7} = {0AB3BF05-4346-4AA6-1389-037BE0695223}
		{7B00717A-95C1-453A-9E2D-D892118314A6} = {0AB3BF05-4346-4AA6-1389-037BE0695223}
		{4C97CC86-37CB-4868-BDBA-784890EAF31C} = {0AB3BF05-4346-4AA6-1389-037BE0695223}
	EndGlobalSection
EndGlobal
